# This file is generated by running "yarn install" inside your project.
# Manual changes might be lost - proceed with caution!

__metadata:
  version: 4
  cacheKey: 8

"tsgameengine@workspace:.":
  version: 0.0.0-use.local
  resolution: "tsgameengine@workspace:."
  dependencies:
    typescript: ^4.3.4
  languageName: unknown
  linkType: soft

typescript@^4.3.4:
  version: 4.3.4
  resolution: "typescript@npm:4.3.4"
  bin:
    tsc: bin/tsc
    tsserver: bin/tsserver
  checksum: 75e1f2769c7ff38c718523d05eaf1c2611dbf92c0ab0f85f603ead9bb23416af2009a5dac46e76ef6a207a8508fa53f51b43a41f2a91b1241b53cd744c16128c
  languageName: node
  linkType: hard

"typescript@patch:typescript@^4.3.4#~builtin<compat/typescript>":
  version: 4.3.4
  resolution: "typescript@patch:typescript@npm%3A4.3.4#~builtin<compat/typescript>::version=4.3.4&hash=d8b4e7"
  bin:
    tsc: bin/tsc
    tsserver: bin/tsserver
  checksum: a6b1a3674b60971691b89fa8187a4905e132cb8061724b4bd485e5d5441caa61166fe3bcf2b47aa679a6d860cae823022ca51db713cc3446296274c005dd02e5
  languageName: node
  linkType: hard
