# This file is generated by running "yarn install" inside your project.
# Manual changes might be lost - proceed with caution!

__metadata:
  version: 4
  cacheKey: 8

"tsgameengine@workspace:.":
  version: 0.0.0-use.local
  resolution: "tsgameengine@workspace:."
  dependencies:
    typescript: ^4.3.2
  languageName: unknown
  linkType: soft

typescript@^4.3.2:
  version: 4.3.2
  resolution: "typescript@npm:4.3.2"
  bin:
    tsc: bin/tsc
    tsserver: bin/tsserver
  checksum: c2a86fa03ce03b255adc13ccd70a55173ca6539ae12114feca59f34a4e9bb69f14fb7cd5adc6c2416e568cff05c870b89d1366768ec55fce04fbdffb429a1cee
  languageName: node
  linkType: hard

"typescript@patch:typescript@^4.3.2#~builtin<compat/typescript>":
  version: 4.3.2
  resolution: "typescript@patch:typescript@npm%3A4.3.2#~builtin<compat/typescript>::version=4.3.2&hash=d8b4e7"
  bin:
    tsc: bin/tsc
    tsserver: bin/tsserver
  checksum: 3d3dec06ba6e5b05caa292355712ed9db813fa1c2377630b1f24b42e5ee8957f0bcdd5efd1500c970a11a6f684897f5728f5542ac822932227159a0611499a5e
  languageName: node
  linkType: hard
